{
  "name": "webassert-scripts",
  "version": "1.0.0",
  "lockfileVersion": 3,
  "requires": true,
  "packages": {
    "": {
      "name": "webassert-scripts",
      "version": "1.0.0",
      "license": "ISC",
      "dependencies": {
        "puppeteer": "^22.11.0"
      },
      "devDependencies": {
        "@types/puppeteer": "^7.0.4",
        "typescript": "^5.4.5"
      }
    },
    "../../node_modules/.pnpm/puppeteer@22.11.0_typescript@5.4.2/node_modules/puppeteer": {
      "version": "22.11.0",
      "hasInstallScript": true,
      "license": "Apache-2.0",
      "dependencies": {
        "@puppeteer/browsers": "2.2.3",
        "cosmiconfig": "9.0.0",
        "devtools-protocol": "0.0.1299070",
        "puppeteer-core": "22.11.0"
      },
      "bin": {
        "puppeteer": "lib/esm/puppeteer/node/cli.js"
      },
      "devDependencies": {
        "@types/node": "18.17.15"
      },
      "engines": {
        "node": ">=18"
      }
    },
    "node_modules/@types/puppeteer": {
      "version": "7.0.4",
      "resolved": "https://registry.npmjs.org/@types/puppeteer/-/puppeteer-7.0.4.tgz",
      "integrity": "sha512-ja78vquZc8y+GM2al07GZqWDKQskQXygCDiu0e3uO0DMRKqE0MjrFBFmTulfPYzLB6WnL7Kl2tFPy0WXSpPomg==",
      "deprecated": "This is a stub types definition. puppeteer provides its own type definitions, so you do not need this installed.",
      "dev": true,
      "dependencies": {
        "puppeteer": "*"
      }
    },
    "node_modules/puppeteer": {
      "resolved": "../../node_modules/.pnpm/puppeteer@22.11.0_typescript@5.4.2/node_modules/puppeteer",
      "link": true
    },
    "node_modules/typescript": {
      "version": "5.4.5",
      "resolved": "https://registry.npmjs.org/typescript/-/typescript-5.4.5.tgz",
      "integrity": "sha512-vcI4UpRgg81oIRUFwR0WSIHKt11nJ7SAVlYNIu+QpqeyXP+gpQJy/Z4+F0aGxSE4MqwjyXvW/TzgkLAx2AGHwQ==",
      "dev": true,
      "bin": {
        "tsc": "bin/tsc",
        "tsserver": "bin/tsserver"
      },
      "engines": {
        "node": ">=14.17"
      }
    }
  }
}
